
Microsoft Visual Studio Solution File, Format Version 12.00
# Visual Studio Version 17
VisualStudioVersion = 17.11.35327.3
MinimumVisualStudioVersion = 10.0.40219.1
Project("{9A19103F-16F7-4668-BE54-9A1E7A4F7556}") = "client", "client.csproj", "{C1AA1403-76F1-42C3-8F36-68C39F062C47}"
EndProject
Project("{9A19103F-16F7-4668-BE54-9A1E7A4F7556}") = "Domain", "..\Domain\Domain.csproj", "{CBAD6CF3-A241-4031-9556-2E2D9152D6CF}"
EndProject
Project("{9A19103F-16F7-4668-BE54-9A1E7A4F7556}") = "Application", "..\Application\Application.csproj", "{57D473DD-6B66-4380-894A-48D765925AE6}"
EndProject
Project("{9A19103F-16F7-4668-BE54-9A1E7A4F7556}") = "Infrastructure", "..\Infrastructure\Infrastructure.csproj", "{F3BAC425-F357-42A4-A8D4-91D2071F28C2}"
EndProject
Global
	GlobalSection(SolutionConfigurationPlatforms) = preSolution
		Debug|Any CPU = Debug|Any CPU
		Release|Any CPU = Release|Any CPU
	EndGlobalSection
	GlobalSection(ProjectConfigurationPlatforms) = postSolution
		{C1AA1403-76F1-42C3-8F36-68C39F062C47}.Debug|Any CPU.ActiveCfg = Debug|Any CPU
		{C1AA1403-76F1-42C3-8F36-68C39F062C47}.Debug|Any CPU.Build.0 = Debug|Any CPU
		{C1AA1403-76F1-42C3-8F36-68C39F062C47}.Release|Any CPU.ActiveCfg = Release|Any CPU
		{C1AA1403-76F1-42C3-8F36-68C39F062C47}.Release|Any CPU.Build.0 = Release|Any CPU
		{CBAD6CF3-A241-4031-9556-2E2D9152D6CF}.Debug|Any CPU.ActiveCfg = Debug|Any CPU
		{CBAD6CF3-A241-4031-9556-2E2D9152D6CF}.Debug|Any CPU.Build.0 = Debug|Any CPU
		{CBAD6CF3-A241-4031-9556-2E2D9152D6CF}.Release|Any CPU.ActiveCfg = Release|Any CPU
		{CBAD6CF3-A241-4031-9556-2E2D9152D6CF}.Release|Any CPU.Build.0 = Release|Any CPU
		{57D473DD-6B66-4380-894A-48D765925AE6}.Debug|Any CPU.ActiveCfg = Debug|Any CPU
		{57D473DD-6B66-4380-894A-48D765925AE6}.Debug|Any CPU.Build.0 = Debug|Any CPU
		{57D473DD-6B66-4380-894A-48D765925AE6}.Release|Any CPU.ActiveCfg = Release|Any CPU
		{57D473DD-6B66-4380-894A-48D765925AE6}.Release|Any CPU.Build.0 = Release|Any CPU
		{F3BAC425-F357-42A4-A8D4-91D2071F28C2}.Debug|Any CPU.ActiveCfg = Debug|Any CPU
		{F3BAC425-F357-42A4-A8D4-91D2071F28C2}.Debug|Any CPU.Build.0 = Debug|Any CPU
		{F3BAC425-F357-42A4-A8D4-91D2071F28C2}.Release|Any CPU.ActiveCfg = Release|Any CPU
		{F3BAC425-F357-42A4-A8D4-91D2071F28C2}.Release|Any CPU.Build.0 = Release|Any CPU
	EndGlobalSection
	GlobalSection(SolutionProperties) = preSolution
		HideSolutionNode = FALSE
	EndGlobalSection
	GlobalSection(ExtensibilityGlobals) = postSolution
		SolutionGuid = {B8C79C26-534B-450D-BF8A-A61031D49A0C}
	EndGlobalSection
EndGlobal
